{
  "name": "ubuntu-mediawiki-skin",
  "lockfileVersion": 3,
  "requires": true,
  "packages": {
    "": {
      "devDependencies": {
        "@canonical/cookie-policy": "^3.10.0"
      }
    },
    "node_modules/@canonical/cookie-policy": {
      "version": "3.10.0",
      "resolved": "https://registry.npmjs.org/@canonical/cookie-policy/-/cookie-policy-3.10.0.tgz",
      "integrity": "sha512-sAVw8fdD2RgwSI2YImvlOfn79FRFbbqd0TaD3UHYXfL58qVRAXFxqqymbp4qISN4agi8UuZ2+kqq9zOcW7ZbTA==",
      "dev": true,
      "license": "ISC"
    }
  }
}
